Microsoft Visual Studio Solution File, Format Version 12.00
# Visual Studio Version 17
VisualStudioVersion = 17.5.2.0
MinimumVisualStudioVersion = 10.0.40219.1
Project("{FAE04EC0-301F-11D3-BF4B-00C04F79EFBC}") = "OrderApp", "OrderApp.csproj", "{4816E727-31FB-AA39-29D9-9F722CE8E04B}"
EndProject
Global
	GlobalSection(SolutionConfigurationPlatforms) = preSolution
		Debug|Any CPU = Debug|Any CPU
		Release|Any CPU = Release|Any CPU
	EndGlobalSection
	GlobalSection(ProjectConfigurationPlatforms) = postSolution
		{4816E727-31FB-AA39-29D9-9F722CE8E04B}.Debug|Any CPU.ActiveCfg = Debug|Any CPU
		{4816E727-31FB-AA39-29D9-9F722CE8E04B}.Debug|Any CPU.Build.0 = Debug|Any CPU
		{4816E727-31FB-AA39-29D9-9F722CE8E04B}.Release|Any CPU.ActiveCfg = Release|Any CPU
		{4816E727-31FB-AA39-29D9-9F722CE8E04B}.Release|Any CPU.Build.0 = Release|Any CPU
	EndGlobalSection
	GlobalSection(SolutionProperties) = preSolution
		HideSolutionNode = FALSE
	EndGlobalSection
	GlobalSection(ExtensibilityGlobals) = postSolution
		SolutionGuid = {E70B4183-5D94-42AF-892C-5D7CBC9F674A}
	EndGlobalSection
EndGlobal
